
Microsoft Visual Studio Solution File, Format Version 12.00
# Visual Studio Version 17
VisualStudioVersion = 17.13.35919.96
MinimumVisualStudioVersion = 10.0.40219.1
Project("{FAE04EC0-301F-11D3-BF4B-00C04F79EFBC}") = "SISWEBBOTICA", "SISWEBBOTICA\SISWEBBOTICA.csproj", "{053E9100-1662-4DE2-A99F-6AA017613038}"
EndProject
Project("{FAE04EC0-301F-11D3-BF4B-00C04F79EFBC}") = "SISWEBBOTICA.Tests", "SISWEBBOTICA.Tests\SISWEBBOTICA.Tests.csproj", "{BF52213E-740C-4159-8E62-A8B78F5EDA66}"
EndProject
Global
	GlobalSection(SolutionConfigurationPlatforms) = preSolution
		Debug|Any CPU = Debug|Any CPU
		Release|Any CPU = Release|Any CPU
	EndGlobalSection
	GlobalSection(ProjectConfigurationPlatforms) = postSolution
		{053E9100-1662-4DE2-A99F-6AA017613038}.Debug|Any CPU.ActiveCfg = Debug|Any CPU
		{053E9100-1662-4DE2-A99F-6AA017613038}.Debug|Any CPU.Build.0 = Debug|Any CPU
		{053E9100-1662-4DE2-A99F-6AA017613038}.Release|Any CPU.ActiveCfg = Release|Any CPU
		{053E9100-1662-4DE2-A99F-6AA017613038}.Release|Any CPU.Build.0 = Release|Any CPU
		{BF52213E-740C-4159-8E62-A8B78F5EDA66}.Debug|Any CPU.ActiveCfg = Debug|Any CPU
		{BF52213E-740C-4159-8E62-A8B78F5EDA66}.Release|Any CPU.ActiveCfg = Debug|Any CPU
	EndGlobalSection
	GlobalSection(SolutionProperties) = preSolution
		HideSolutionNode = FALSE
	EndGlobalSection
	GlobalSection(ExtensibilityGlobals) = postSolution
		SolutionGuid = {F07DCFCE-4FB7-4670-A91E-85713ED3AB8B}
	EndGlobalSection
EndGlobal
